// !$*UTF8*$!
{
	archiveVersion = 1;
	classes = {
	};
	objectVersion = 56;
	objects = {

/* Begin PBXBuildFile section */
		A7D9FF42293E52B900B09317 /* AppDelegate.swift in Sources */ = {isa = PBXBuildFile; fileRef = A7D9FF41293E52B900B09317 /* AppDelegate.swift */; };
		A7D9FF44293E52B900B09317 /* SceneDelegate.swift in Sources */ = {isa = PBXBuildFile; fileRef = A7D9FF43293E52B900B09317 /* SceneDelegate.swift */; };
		A7D9FF46293E52B900B09317 /* MainTabBarViewController.swift in Sources */ = {isa = PBXBuildFile; fileRef = A7D9FF45293E52B900B09317 /* MainTabBarViewController.swift */; };
		A7D9FF4B293E52BA00B09317 /* Assets.xcassets in Resources */ = {isa = PBXBuildFile; fileRef = A7D9FF4A293E52BA00B09317 /* Assets.xcassets */; };
		A7D9FF4E293E52BA00B09317 /* LaunchScreen.storyboard in Resources */ = {isa = PBXBuildFile; fileRef = A7D9FF4C293E52BA00B09317 /* LaunchScreen.storyboard */; };
		A7D9FF57293E549000B09317 /* HomeViewController.swift in Sources */ = {isa = PBXBuildFile; fileRef = A7D9FF56293E549000B09317 /* HomeViewController.swift */; };
		A7D9FF59293E54AC00B09317 /* UpcomingViewController.swift in Sources */ = {isa = PBXBuildFile; fileRef = A7D9FF58293E54AC00B09317 /* UpcomingViewController.swift */; };
		A7D9FF5B293E54C400B09317 /* SearchViewController.swift in Sources */ = {isa = PBXBuildFile; fileRef = A7D9FF5A293E54C400B09317 /* SearchViewController.swift */; };
		A7D9FF5D293E54D900B09317 /* DownloadsViewController.swift in Sources */ = {isa = PBXBuildFile; fileRef = A7D9FF5C293E54D900B09317 /* DownloadsViewController.swift */; };
/* End PBXBuildFile section */

/* Begin PBXFileReference section */
		A7D9FF3E293E52B900B09317 /* MovieBrowser.app */ = {isa = PBXFileReference; explicitFileType = wrapper.application; includeInIndex = 0; path = MovieBrowser.app; sourceTree = BUILT_PRODUCTS_DIR; };
		A7D9FF41293E52B900B09317 /* AppDelegate.swift */ = {isa = PBXFileReference; lastKnownFileType = sourcecode.swift; path = AppDelegate.swift; sourceTree = "<group>"; };
		A7D9FF43293E52B900B09317 /* SceneDelegate.swift */ = {isa = PBXFileReference; lastKnownFileType = sourcecode.swift; path = SceneDelegate.swift; sourceTree = "<group>"; };
		A7D9FF45293E52B900B09317 /* MainTabBarViewController.swift */ = {isa = PBXFileReference; lastKnownFileType = sourcecode.swift; path = MainTabBarViewController.swift; sourceTree = "<group>"; };
		A7D9FF4A293E52BA00B09317 /* Assets.xcassets */ = {isa = PBXFileReference; lastKnownFileType = folder.assetcatalog; path = Assets.xcassets; sourceTree = "<group>"; };
		A7D9FF4D293E52BA00B09317 /* Base */ = {isa = PBXFileReference; lastKnownFileType = file.storyboard; name = Base; path = Base.lproj/LaunchScreen.storyboard; sourceTree = "<group>"; };
		A7D9FF4F293E52BA00B09317 /* Info.plist */ = {isa = PBXFileReference; lastKnownFileType = text.plist.xml; path = Info.plist; sourceTree = "<group>"; };
		A7D9FF56293E549000B09317 /* HomeViewController.swift */ = {isa = PBXFileReference; lastKnownFileType = sourcecode.swift; path = HomeViewController.swift; sourceTree = "<group>"; };
		A7D9FF58293E54AC00B09317 /* UpcomingViewController.swift */ = {isa = PBXFileReference; lastKnownFileType = sourcecode.swift; path = UpcomingViewController.swift; sourceTree = "<group>"; };
		A7D9FF5A293E54C400B09317 /* SearchViewController.swift */ = {isa = PBXFileReference; lastKnownFileType = sourcecode.swift; path = SearchViewController.swift; sourceTree = "<group>"; };
		A7D9FF5C293E54D900B09317 /* DownloadsViewController.swift */ = {isa = PBXFileReference; lastKnownFileType = sourcecode.swift; path = DownloadsViewController.swift; sourceTree = "<group>"; };
/* End PBXFileReference section */

/* Begin PBXFrameworksBuildPhase section */
		A7D9FF3B293E52B900B09317 /* Frameworks */ = {
			isa = PBXFrameworksBuildPhase;
			buildActionMask = 2147483647;
			files = (
			);
			runOnlyForDeploymentPostprocessing = 0;
		};
/* End PBXFrameworksBuildPhase section */

/* Begin PBXGroup section */
		A7D9FF35293E52B900B09317 = {
			isa = PBXGroup;
			children = (
				A7D9FF40293E52B900B09317 /* MovieBrowser */,
				A7D9FF3F293E52B900B09317 /* Products */,
			);
			sourceTree = "<group>";
		};
		A7D9FF3F293E52B900B09317 /* Products */ = {
			isa = PBXGroup;
			children = (
				A7D9FF3E293E52B900B09317 /* MovieBrowser.app */,
			);
			name = Products;
			sourceTree = "<group>";
		};
		A7D9FF40293E52B900B09317 /* MovieBrowser */ = {
			isa = PBXGroup;
			children = (
				A7D9FF55293E547800B09317 /* Controllers */,
				A7D9FF41293E52B900B09317 /* AppDelegate.swift */,
				A7D9FF43293E52B900B09317 /* SceneDelegate.swift */,
				A7D9FF45293E52B900B09317 /* MainTabBarViewController.swift */,
				A7D9FF4A293E52BA00B09317 /* Assets.xcassets */,
				A7D9FF4C293E52BA00B09317 /* LaunchScreen.storyboard */,
				A7D9FF4F293E52BA00B09317 /* Info.plist */,
			);
			path = MovieBrowser;
			sourceTree = "<group>";
		};
		A7D9FF55293E547800B09317 /* Controllers */ = {
			isa = PBXGroup;
			children = (
				A7D9FF56293E549000B09317 /* HomeViewController.swift */,
				A7D9FF58293E54AC00B09317 /* UpcomingViewController.swift */,
				A7D9FF5A293E54C400B09317 /* SearchViewController.swift */,
				A7D9FF5C293E54D900B09317 /* DownloadsViewController.swift */,
			);
			path = Controllers;
			sourceTree = "<group>";
		};
/* End PBXGroup section */

/* Begin PBXNativeTarget section */
		A7D9FF3D293E52B900B09317 /* MovieBrowser */ = {
			isa = PBXNativeTarget;
			buildConfigurationList = A7D9FF52293E52BA00B09317 /* Build configuration list for PBXNativeTarget "MovieBrowser" */;
			buildPhases = (
				A7D9FF3A293E52B900B09317 /* Sources */,
				A7D9FF3B293E52B900B09317 /* Frameworks */,
				A7D9FF3C293E52B900B09317 /* Resources */,
			);
			buildRules = (
			);
			dependencies = (
			);
			name = MovieBrowser;
			productName = MovieBrowser;
			productReference = A7D9FF3E293E52B900B09317 /* MovieBrowser.app */;
			productType = "com.apple.product-type.application";
		};
/* End PBXNativeTarget section */

/* Begin PBXProject section */
		A7D9FF36293E52B900B09317 /* Project object */ = {
			isa = PBXProject;
			attributes = {
				BuildIndependentTargetsInParallel = 1;
				LastSwiftUpdateCheck = 1410;
				LastUpgradeCheck = 1410;
				TargetAttributes = {
					A7D9FF3D293E52B900B09317 = {
						CreatedOnToolsVersion = 14.1;
					};
				};
			};
			buildConfigurationList = A7D9FF39293E52B900B09317 /* Build configuration list for PBXProject "MovieBrowser" */;
			compatibilityVersion = "Xcode 14.0";
			developmentRegion = en;
			hasScannedForEncodings = 0;
			knownRegions = (
				en,
				Base,
			);
			mainGroup = A7D9FF35293E52B900B09317;
			productRefGroup = A7D9FF3F293E52B900B09317 /* Products */;
			projectDirPath = "";
			projectRoot = "";
			targets = (
				A7D9FF3D293E52B900B09317 /* MovieBrowser */,
			);
		};
/* End PBXProject section */

/* Begin PBXResourcesBuildPhase section */
		A7D9FF3C293E52B900B09317 /* Resources */ = {
			isa = PBXResourcesBuildPhase;
			buildActionMask = 2147483647;
			files = (
				A7D9FF4E293E52BA00B09317 /* LaunchScreen.storyboard in Resources */,
				A7D9FF4B293E52BA00B09317 /* Assets.xcassets in Resources */,
			);
			runOnlyForDeploymentPostprocessing = 0;
		};
/* End PBXResourcesBuildPhase section */

/* Begin PBXSourcesBuildPhase section */
		A7D9FF3A293E52B900B09317 /* Sources */ = {
			isa = PBXSourcesBuildPhase;
			buildActionMask = 2147483647;
			files = (
				A7D9FF5B293E54C400B09317 /* SearchViewController.swift in Sources */,
				A7D9FF46293E52B900B09317 /* MainTabBarViewController.swift in Sources */,
				A7D9FF5D293E54D900B09317 /* DownloadsViewController.swift in Sources */,
				A7D9FF42293E52B900B09317 /* AppDelegate.swift in Sources */,
				A7D9FF44293E52B900B09317 /* SceneDelegate.swift in Sources */,
				A7D9FF59293E54AC00B09317 /* UpcomingViewController.swift in Sources */,
				A7D9FF57293E549000B09317 /* HomeViewController.swift in Sources */,
			);
			runOnlyForDeploymentPostprocessing = 0;
		};
/* End PBXSourcesBuildPhase section */

/* Begin PBXVariantGroup section */
		A7D9FF4C293E52BA00B09317 /* LaunchScreen.storyboard */ = {
			isa = PBXVariantGroup;
			children = (
				A7D9FF4D293E52BA00B09317 /* Base */,
			);
			name = LaunchScreen.storyboard;
			sourceTree = "<group>";
		};
/* End PBXVariantGroup section */

/* Begin XCBuildConfiguration section */
		A7D9FF50293E52BA00B09317 /* Debug */ = {
			isa = XCBuildConfiguration;
			buildSettings = {
				ALWAYS_SEARCH_USER_PATHS = NO;
				CLANG_ANALYZER_NONNULL = YES;
				CLANG_ANALYZER_NUMBER_OBJECT_CONVERSION = YES_AGGRESSIVE;
				CLANG_CXX_LANGUAGE_STANDARD = "gnu++20";
				CLANG_ENABLE_MODULES = YES;
				CLANG_ENABLE_OBJC_ARC = YES;
				CLANG_ENABLE_OBJC_WEAK = YES;
				CLANG_WARN_BLOCK_CAPTURE_AUTORELEASING = YES;
				CLANG_WARN_BOOL_CONVERSION = YES;
				CLANG_WARN_COMMA = YES;
				CLANG_WARN_CONSTANT_CONVERSION = YES;
				CLANG_WARN_DEPRECATED_OBJC_IMPLEMENTATIONS = YES;
				CLANG_WARN_DIRECT_OBJC_ISA_USAGE = YES_ERROR;
				CLANG_WARN_DOCUMENTATION_COMMENTS = YES;
				CLANG_WARN_EMPTY_BODY = YES;
				CLANG_WARN_ENUM_CONVERSION = YES;
				CLANG_WARN_INFINITE_RECURSION = YES;
				CLANG_WARN_INT_CONVERSION = YES;
				CLANG_WARN_NON_LITERAL_NULL_CONVERSION = YES;
				CLANG_WARN_OBJC_IMPLICIT_RETAIN_SELF = YES;
				CLANG_WARN_OBJC_LITERAL_CONVERSION = YES;
				CLANG_WARN_OBJC_ROOT_CLASS = YES_ERROR;
				CLANG_WARN_QUOTED_INCLUDE_IN_FRAMEWORK_HEADER = YES;
				CLANG_WARN_RANGE_LOOP_ANALYSIS = YES;
				CLANG_WARN_STRICT_PROTOTYPES = YES;
				CLANG_WARN_SUSPICIOUS_MOVE = YES;
				CLANG_WARN_UNGUARDED_AVAILABILITY = YES_AGGRESSIVE;
				CLANG_WARN_UNREACHABLE_CODE = YES;
				CLANG_WARN__DUPLICATE_METHOD_MATCH = YES;
				COPY_PHASE_STRIP = NO;
				DEBUG_INFORMATION_FORMAT = dwarf;
				ENABLE_STRICT_OBJC_MSGSEND = YES;
				ENABLE_TESTABILITY = YES;
				GCC_C_LANGUAGE_STANDARD = gnu11;
				GCC_DYNAMIC_NO_PIC = NO;
				GCC_NO_COMMON_BLOCKS = YES;
				GCC_OPTIMIZATION_LEVEL = 0;
				GCC_PREPROCESSOR_DEFINITIONS = (
					"DEBUG=1",
					"$(inherited)",
				);
				GCC_WARN_64_TO_32_BIT_CONVERSION = YES;
				GCC_WARN_ABOUT_RETURN_TYPE = YES_ERROR;
				GCC_WARN_UNDECLARED_SELECTOR = YES;
				GCC_WARN_UNINITIALIZED_AUTOS = YES_AGGRESSIVE;
				GCC_WARN_UNUSED_FUNCTION = YES;
				GCC_WARN_UNUSED_VARIABLE = YES;
				IPHONEOS_DEPLOYMENT_TARGET = 16.1;
				MTL_ENABLE_DEBUG_INFO = INCLUDE_SOURCE;
				MTL_FAST_MATH = YES;
				ONLY_ACTIVE_ARCH = YES;
				SDKROOT = iphoneos;
				SWIFT_ACTIVE_COMPILATION_CONDITIONS = DEBUG;
				SWIFT_OPTIMIZATION_LEVEL = "-Onone";
			};
			name = Debug;
		};
		A7D9FF51293E52BA00B09317 /* Release */ = {
			isa = XCBuildConfiguration;
			buildSettings = {
				ALWAYS_SEARCH_USER_PATHS = NO;
				CLANG_ANALYZER_NONNULL = YES;
				CLANG_ANALYZER_NUMBER_OBJECT_CONVERSION = YES_AGGRESSIVE;
				CLANG_CXX_LANGUAGE_STANDARD = "gnu++20";
				CLANG_ENABLE_MODULES = YES;
				CLANG_ENABLE_OBJC_ARC = YES;
				CLANG_ENABLE_OBJC_WEAK = YES;
				CLANG_WARN_BLOCK_CAPTURE_AUTORELEASING = YES;
				CLANG_WARN_BOOL_CONVERSION = YES;
				CLANG_WARN_COMMA = YES;
				CLANG_WARN_CONSTANT_CONVERSION = YES;
				CLANG_WARN_DEPRECATED_OBJC_IMPLEMENTATIONS = YES;
				CLANG_WARN_DIRECT_OBJC_ISA_USAGE = YES_ERROR;
				CLANG_WARN_DOCUMENTATION_COMMENTS = YES;
				CLANG_WARN_EMPTY_BODY = YES;
				CLANG_WARN_ENUM_CONVERSION = YES;
				CLANG_WARN_INFINITE_RECURSION = YES;
				CLANG_WARN_INT_CONVERSION = YES;
				CLANG_WARN_NON_LITERAL_NULL_CONVERSION = YES;
				CLANG_WARN_OBJC_IMPLICIT_RETAIN_SELF = YES;
				CLANG_WARN_OBJC_LITERAL_CONVERSION = YES;
				CLANG_WARN_OBJC_ROOT_CLASS = YES_ERROR;
				CLANG_WARN_QUOTED_INCLUDE_IN_FRAMEWORK_HEADER = YES;
				CLANG_WARN_RANGE_LOOP_ANALYSIS = YES;
				CLANG_WARN_STRICT_PROTOTYPES = YES;
				CLANG_WARN_SUSPICIOUS_MOVE = YES;
				CLANG_WARN_UNGUARDED_AVAILABILITY = YES_AGGRESSIVE;
				CLANG_WARN_UNREACHABLE_CODE = YES;
				CLANG_WARN__DUPLICATE_METHOD_MATCH = YES;
				COPY_PHASE_STRIP = NO;
				DEBUG_INFORMATION_FORMAT = "dwarf-with-dsym";
				ENABLE_NS_ASSERTIONS = NO;
				ENABLE_STRICT_OBJC_MSGSEND = YES;
				GCC_C_LANGUAGE_STANDARD = gnu11;
				GCC_NO_COMMON_BLOCKS = YES;
				GCC_WARN_64_TO_32_BIT_CONVERSION = YES;
				GCC_WARN_ABOUT_RETURN_TYPE = YES_ERROR;
				GCC_WARN_UNDECLARED_SELECTOR = YES;
				GCC_WARN_UNINITIALIZED_AUTOS = YES_AGGRESSIVE;
				GCC_WARN_UNUSED_FUNCTION = YES;
				GCC_WARN_UNUSED_VARIABLE = YES;
				IPHONEOS_DEPLOYMENT_TARGET = 16.1;
				MTL_ENABLE_DEBUG_INFO = NO;
				MTL_FAST_MATH = YES;
				SDKROOT = iphoneos;
				SWIFT_COMPILATION_MODE = wholemodule;
				SWIFT_OPTIMIZATION_LEVEL = "-O";
				VALIDATE_PRODUCT = YES;
			};
			name = Release;
		};
		A7D9FF53293E52BA00B09317 /* Debug */ = {
			isa = XCBuildConfiguration;
			buildSettings = {
				ASSETCATALOG_COMPILER_APPICON_NAME = AppIcon;
				ASSETCATALOG_COMPILER_GLOBAL_ACCENT_COLOR_NAME = AccentColor;
				CODE_SIGN_STYLE = Automatic;
				CURRENT_PROJECT_VERSION = 1;
				DEVELOPMENT_TEAM = J5W455LY2L;
				GENERATE_INFOPLIST_FILE = YES;
				INFOPLIST_FILE = MovieBrowser/Info.plist;
				INFOPLIST_KEY_UIApplicationSupportsIndirectInputEvents = YES;
				INFOPLIST_KEY_UILaunchStoryboardName = LaunchScreen;
				INFOPLIST_KEY_UISupportedInterfaceOrientations_iPad = "UIInterfaceOrientationPortrait UIInterfaceOrientationPortraitUpsideDown UIInterfaceOrientationLandscapeLeft UIInterfaceOrientationLandscapeRight";
				INFOPLIST_KEY_UISupportedInterfaceOrientations_iPhone = "UIInterfaceOrientationPortrait UIInterfaceOrientationLandscapeLeft UIInterfaceOrientationLandscapeRight";
				LD_RUNPATH_SEARCH_PATHS = (
					"$(inherited)",
					"@executable_path/Frameworks",
				);
				MARKETING_VERSION = 1.0;
				PRODUCT_BUNDLE_IDENTIFIER = com.ensue.MovieBrowser;
				PRODUCT_NAME = "$(TARGET_NAME)";
				SWIFT_EMIT_LOC_STRINGS = YES;
				SWIFT_VERSION = 5.0;
				TARGETED_DEVICE_FAMILY = "1,2";
			};
			name = Debug;
		};
		A7D9FF54293E52BA00B09317 /* Release */ = {
			isa = XCBuildConfiguration;
			buildSettings = {
				ASSETCATALOG_COMPILER_APPICON_NAME = AppIcon;
				ASSETCATALOG_COMPILER_GLOBAL_ACCENT_COLOR_NAME = AccentColor;
				CODE_SIGN_STYLE = Automatic;
				CURRENT_PROJECT_VERSION = 1;
				DEVELOPMENT_TEAM = J5W455LY2L;
				GENERATE_INFOPLIST_FILE = YES;
				INFOPLIST_FILE = MovieBrowser/Info.plist;
				INFOPLIST_KEY_UIApplicationSupportsIndirectInputEvents = YES;
				INFOPLIST_KEY_UILaunchStoryboardName = LaunchScreen;
				INFOPLIST_KEY_UISupportedInterfaceOrientations_iPad = "UIInterfaceOrientationPortrait UIInterfaceOrientationPortraitUpsideDown UIInterfaceOrientationLandscapeLeft UIInterfaceOrientationLandscapeRight";
				INFOPLIST_KEY_UISupportedInterfaceOrientations_iPhone = "UIInterfaceOrientationPortrait UIInterfaceOrientationLandscapeLeft UIInterfaceOrientationLandscapeRight";
				LD_RUNPATH_SEARCH_PATHS = (
					"$(inherited)",
					"@executable_path/Frameworks",
				);
				MARKETING_VERSION = 1.0;
				PRODUCT_BUNDLE_IDENTIFIER = com.ensue.MovieBrowser;
				PRODUCT_NAME = "$(TARGET_NAME)";
				SWIFT_EMIT_LOC_STRINGS = YES;
				SWIFT_VERSION = 5.0;
				TARGETED_DEVICE_FAMILY = "1,2";
			};
			name = Release;
		};
/* End XCBuildConfiguration section */

/* Begin XCConfigurationList section */
		A7D9FF39293E52B900B09317 /* Build configuration list for PBXProject "MovieBrowser" */ = {
			isa = XCConfigurationList;
			buildConfigurations = (
				A7D9FF50293E52BA00B09317 /* Debug */,
				A7D9FF51293E52BA00B09317 /* Release */,
			);
			defaultConfigurationIsVisible = 0;
			defaultConfigurationName = Release;
		};
		A7D9FF52293E52BA00B09317 /* Build configuration list for PBXNativeTarget "MovieBrowser" */ = {
			isa = XCConfigurationList;
			buildConfigurations = (
				A7D9FF53293E52BA00B09317 /* Debug */,
				A7D9FF54293E52BA00B09317 /* Release */,
			);
			defaultConfigurationIsVisible = 0;
			defaultConfigurationName = Release;
		};
/* End XCConfigurationList section */
	};
	rootObject = A7D9FF36293E52B900B09317 /* Project object */;
}
